{
  "name": "@cycjimmy/sass-lib",
  "version": "2.0.0",
  "lockfileVersion": 2,
  "requires": true,
  "packages": {
    "": {
      "name": "@cycjimmy/sass-lib",
      "version": "2.0.0",
      "license": "MIT",
      "devDependencies": {
        "@cycjimmy/config-lib": "^3.0.5"
      }
    },
    "node_modules/@cycjimmy/config-lib": {
      "version": "3.1.2",
      "resolved": "https://registry.npmjs.org/@cycjimmy/config-lib/-/config-lib-3.1.2.tgz",
      "integrity": "sha512-I5fUVb6pQPPxq3isXzkHcwsYYLK3b2bQZY7XJWHKiK/n4D6//gkavSPqnaeH6APNtcze4QV7XIYDxea+qCXGSA==",
      "dev": true
    }
  },
  "dependencies": {
    "@cycjimmy/config-lib": {
      "version": "3.1.2",
      "resolved": "https://registry.npmjs.org/@cycjimmy/config-lib/-/config-lib-3.1.2.tgz",
      "integrity": "sha512-I5fUVb6pQPPxq3isXzkHcwsYYLK3b2bQZY7XJWHKiK/n4D6//gkavSPqnaeH6APNtcze4QV7XIYDxea+qCXGSA==",
      "dev": true
    }
  }
}
