{
  "name": "@cycjimmy/sass-lib",
  "version": "2.0.0",
  "lockfileVersion": 2,
  "requires": true,
  "packages": {
    "": {
      "name": "@cycjimmy/sass-lib",
      "version": "2.0.0",
      "license": "MIT",
      "devDependencies": {
        "@cycjimmy/config-lib": "^3.0.5"
      }
    },
    "node_modules/@cycjimmy/config-lib": {
      "version": "3.0.5",
      "resolved": "https://registry.npmjs.org/@cycjimmy/config-lib/-/config-lib-3.0.5.tgz",
      "integrity": "sha512-M+HopC2tgQ1JV0w0fRQrbsMeLwNNlYgAV7vp/A2/G12BvXTO7OOKyt3y8rhMSEDefKqGDn7pWbS+i1+0ocxv1w==",
      "dev": true
    }
  },
  "dependencies": {
    "@cycjimmy/config-lib": {
      "version": "3.0.5",
      "resolved": "https://registry.npmjs.org/@cycjimmy/config-lib/-/config-lib-3.0.5.tgz",
      "integrity": "sha512-M+HopC2tgQ1JV0w0fRQrbsMeLwNNlYgAV7vp/A2/G12BvXTO7OOKyt3y8rhMSEDefKqGDn7pWbS+i1+0ocxv1w==",
      "dev": true
    }
  }
}
